<?xml version="1.0" encoding="utf-8"?>
<Project ToolsVersion="4.0" xmlns="http://schemas.microsoft.com/developer/msbuild/2003">
  <ItemGroup>
    <ClCompile Include="EasyAACEncoder.cpp">
      <Filter>my_cpp</Filter>
    </ClCompile>
    <ClCompile Include="EasyAACEncoderAPI.cpp">
      <Filter>my_cpp</Filter>
    </ClCompile>
    <ClCompile Include="EasyDSSBuffers.cpp">
      <Filter>my_cpp</Filter>
    </ClCompile>
    <ClCompile Include="g711.cpp">
      <Filter>my_cpp</Filter>
    </ClCompile>
    <ClCompile Include="G711AToPcm.cpp">
      <Filter>my_cpp</Filter>
    </ClCompile>
    <ClCompile Include="IDecodeToPcm.cpp">
      <Filter>my_cpp</Filter>
    </ClCompile>
    <ClCompile Include="PcmToAac.cpp">
      <Filter>my_cpp</Filter>
    </ClCompile>
    <ClCompile Include="libfaac\aacquant.c">
      <Filter>other</Filter>
    </ClCompile>
    <ClCompile Include="audio_buffer.cpp">
      <Filter>other</Filter>
    </ClCompile>
    <ClCompile Include="libfaac\backpred.c">
      <Filter>other</Filter>
    </ClCompile>
    <ClCompile Include="libfaac\bitstream.c">
      <Filter>other</Filter>
    </ClCompile>
    <ClCompile Include="libfaac\channels.c">
      <Filter>other</Filter>
    </ClCompile>
    <ClCompile Include="libfaac\fft.c">
      <Filter>other</Filter>
    </ClCompile>
    <ClCompile Include="libfaac\filtbank.c">
      <Filter>other</Filter>
    </ClCompile>
    <ClCompile Include="libfaac\frame.c">
      <Filter>other</Filter>
    </ClCompile>
    <ClCompile Include="libfaac\huffman.c">
      <Filter>other</Filter>
    </ClCompile>
    <ClCompile Include="libfaac\kiss_fft\kiss_fft.c">
      <Filter>other</Filter>
    </ClCompile>
    <ClCompile Include="libfaac\kiss_fft\kiss_fftr.c">
      <Filter>other</Filter>
    </ClCompile>
    <ClCompile Include="libfaac\ltp.c">
      <Filter>other</Filter>
    </ClCompile>
    <ClCompile Include="libfaac\midside.c">
      <Filter>other</Filter>
    </ClCompile>
    <ClCompile Include="libfaac\psychkni.c">
      <Filter>other</Filter>
    </ClCompile>
    <ClCompile Include="libfaac\tns.c">
      <Filter>other</Filter>
    </ClCompile>
    <ClCompile Include="libfaac\util.c">
      <Filter>other</Filter>
    </ClCompile>
    <ClCompile Include="G726ToPcm.cpp">
      <Filter>my_cpp</Filter>
    </ClCompile>
    <ClCompile Include="g726.cpp" />
  </ItemGroup>
  <ItemGroup>
    <ClInclude Include="EasyAACEncoder.h">
      <Filter>my_h</Filter>
    </ClInclude>
    <ClInclude Include="EasyAACEncoderAPI.h">
      <Filter>my_h</Filter>
    </ClInclude>
    <ClInclude Include="EasyDSSBuffers.h">
      <Filter>my_h</Filter>
    </ClInclude>
    <ClInclude Include="g711.h">
      <Filter>my_h</Filter>
    </ClInclude>
    <ClInclude Include="G711AToPcm.h">
      <Filter>my_h</Filter>
    </ClInclude>
    <ClInclude Include="IDecodeToPcm.h">
      <Filter>my_h</Filter>
    </ClInclude>
    <ClInclude Include="outDebug.h">
      <Filter>my_h</Filter>
    </ClInclude>
    <ClInclude Include="PcmToAac.h">
      <Filter>my_h</Filter>
    </ClInclude>
    <ClInclude Include="libfaac\kiss_fft\_kiss_fft_guts.h">
      <Filter>other</Filter>
    </ClInclude>
    <ClInclude Include="libfaac\version.h">
      <Filter>other</Filter>
    </ClInclude>
    <ClInclude Include="libfaac\aacquant.h">
      <Filter>other</Filter>
    </ClInclude>
    <ClInclude Include="audio_buffer.h">
      <Filter>other</Filter>
    </ClInclude>
    <ClInclude Include="libfaac\backpred.h">
      <Filter>other</Filter>
    </ClInclude>
    <ClInclude Include="libfaac\bitstream.h">
      <Filter>other</Filter>
    </ClInclude>
    <ClInclude Include="libfaac\channels.h">
      <Filter>other</Filter>
    </ClInclude>
    <ClInclude Include="libfaac\coder.h">
      <Filter>other</Filter>
    </ClInclude>
    <ClInclude Include="libfaac\fft.h">
      <Filter>other</Filter>
    </ClInclude>
    <ClInclude Include="libfaac\filtbank.h">
      <Filter>other</Filter>
    </ClInclude>
    <ClInclude Include="libfaac\frame.h">
      <Filter>other</Filter>
    </ClInclude>
    <ClInclude Include="libfaac\huffman.h">
      <Filter>other</Filter>
    </ClInclude>
    <ClInclude Include="libfaac\hufftab.h">
      <Filter>other</Filter>
    </ClInclude>
    <ClInclude Include="libfaac\kiss_fft\kiss_fft.h">
      <Filter>other</Filter>
    </ClInclude>
    <ClInclude Include="libfaac\kiss_fft\kiss_fftr.h">
      <Filter>other</Filter>
    </ClInclude>
    <ClInclude Include="libfaac\ltp.h">
      <Filter>other</Filter>
    </ClInclude>
    <ClInclude Include="libfaac\midside.h">
      <Filter>other</Filter>
    </ClInclude>
    <ClInclude Include="libfaac\psych.h">
      <Filter>other</Filter>
    </ClInclude>
    <ClInclude Include="libfaac\tns.h">
      <Filter>other</Filter>
    </ClInclude>
    <ClInclude Include="libfaac\util.h">
      <Filter>other</Filter>
    </ClInclude>
    <ClInclude Include="condef.h">
      <Filter>my_h</Filter>
    </ClInclude>
    <ClInclude Include="G726ToPcm.h">
      <Filter>my_h</Filter>
    </ClInclude>
    <ClInclude Include="g726.h" />
  </ItemGroup>
  <ItemGroup>
    <Filter Include="my_h">
      <UniqueIdentifier>{f01831fb-3a13-4b53-8c5a-7d49f600976d}</UniqueIdentifier>
    </Filter>
    <Filter Include="my_cpp">
      <UniqueIdentifier>{3745afaa-5798-4153-a3be-ed7e50c57a6f}</UniqueIdentifier>
    </Filter>
    <Filter Include="other">
      <UniqueIdentifier>{dc0ed1c7-064d-48c5-92ab-81a974f8cd07}</UniqueIdentifier>
    </Filter>
  </ItemGroup>
</Project>