<?xml version="1.0" encoding="utf-8"?>
<Project ToolsVersion="4.0" xmlns="http://schemas.microsoft.com/developer/msbuild/2003">
  <ItemGroup>
    <Filter Include="Source Files">
      <UniqueIdentifier>{0031f6f0-b76c-458b-bd81-78126e9e5524}</UniqueIdentifier>
      <Extensions>cpp;c;cxx;rc;def;r;odl;idl;hpj;bat</Extensions>
    </Filter>
    <Filter Include="Header Files">
      <UniqueIdentifier>{06fb2218-9c86-43d8-8934-c43ab71fe655}</UniqueIdentifier>
      <Extensions>h;hpp;hxx;hm;inl</Extensions>
    </Filter>
    <Filter Include="kiss_fft">
      <UniqueIdentifier>{a5264d84-4a56-46d7-a6eb-54444d34605b}</UniqueIdentifier>
    </Filter>
  </ItemGroup>
  <ItemGroup>
    <ClCompile Include="aacquant.c">
      <Filter>Source Files</Filter>
    </ClCompile>
    <ClCompile Include="backpred.c">
      <Filter>Source Files</Filter>
    </ClCompile>
    <ClCompile Include="bitstream.c">
      <Filter>Source Files</Filter>
    </ClCompile>
    <ClCompile Include="channels.c">
      <Filter>Source Files</Filter>
    </ClCompile>
    <ClCompile Include="fft.c">
      <Filter>Source Files</Filter>
    </ClCompile>
    <ClCompile Include="filtbank.c">
      <Filter>Source Files</Filter>
    </ClCompile>
    <ClCompile Include="frame.c">
      <Filter>Source Files</Filter>
    </ClCompile>
    <ClCompile Include="huffman.c">
      <Filter>Source Files</Filter>
    </ClCompile>
    <ClCompile Include="ltp.c">
      <Filter>Source Files</Filter>
    </ClCompile>
    <ClCompile Include="midside.c">
      <Filter>Source Files</Filter>
    </ClCompile>
    <ClCompile Include="psychkni.c">
      <Filter>Source Files</Filter>
    </ClCompile>
    <ClCompile Include="tns.c">
      <Filter>Source Files</Filter>
    </ClCompile>
    <ClCompile Include="util.c">
      <Filter>Source Files</Filter>
    </ClCompile>
    <ClCompile Include="kiss_fft\kiss_fft.c">
      <Filter>kiss_fft</Filter>
    </ClCompile>
    <ClCompile Include="kiss_fft\kiss_fftr.c">
      <Filter>kiss_fft</Filter>
    </ClCompile>
  </ItemGroup>
  <ItemGroup>
    <ClInclude Include="aacquant.h">
      <Filter>Header Files</Filter>
    </ClInclude>
    <ClInclude Include="backpred.h">
      <Filter>Header Files</Filter>
    </ClInclude>
    <ClInclude Include="bitstream.h">
      <Filter>Header Files</Filter>
    </ClInclude>
    <ClInclude Include="channels.h">
      <Filter>Header Files</Filter>
    </ClInclude>
    <ClInclude Include="coder.h">
      <Filter>Header Files</Filter>
    </ClInclude>
    <ClInclude Include="fft.h">
      <Filter>Header Files</Filter>
    </ClInclude>
    <ClInclude Include="filtbank.h">
      <Filter>Header Files</Filter>
    </ClInclude>
    <ClInclude Include="frame.h">
      <Filter>Header Files</Filter>
    </ClInclude>
    <ClInclude Include="huffman.h">
      <Filter>Header Files</Filter>
    </ClInclude>
    <ClInclude Include="hufftab.h">
      <Filter>Header Files</Filter>
    </ClInclude>
    <ClInclude Include="ltp.h">
      <Filter>Header Files</Filter>
    </ClInclude>
    <ClInclude Include="midside.h">
      <Filter>Header Files</Filter>
    </ClInclude>
    <ClInclude Include="psych.h">
      <Filter>Header Files</Filter>
    </ClInclude>
    <ClInclude Include="tns.h">
      <Filter>Header Files</Filter>
    </ClInclude>
    <ClInclude Include="util.h">
      <Filter>Header Files</Filter>
    </ClInclude>
    <ClInclude Include="version.h">
      <Filter>Header Files</Filter>
    </ClInclude>
    <ClInclude Include="kiss_fft\_kiss_fft_guts.h">
      <Filter>kiss_fft</Filter>
    </ClInclude>
    <ClInclude Include="kiss_fft\kiss_fft.h">
      <Filter>kiss_fft</Filter>
    </ClInclude>
    <ClInclude Include="kiss_fft\kiss_fftr.h">
      <Filter>kiss_fft</Filter>
    </ClInclude>
    <ClInclude Include="..\include\faac.h">
      <Filter>Header Files</Filter>
    </ClInclude>
    <ClInclude Include="..\include\faaccfg.h">
      <Filter>Header Files</Filter>
    </ClInclude>
  </ItemGroup>
  <ItemGroup>
    <None Include="libfaacdrm.def">
      <Filter>Source Files</Filter>
    </None>
  </ItemGroup>
</Project>